{
  "name": "xstrm",
  "version": "1.0.0",
  "lockfileVersion": 2,
  "requires": true,
  "packages": {
    "": {
      "version": "1.0.0",
      "hasInstallScript": true,
      "license": "ISC",
      "dependencies": {
        "@vertx/core": "latest",
        "@vertx/web": "latest",
        "@vertx/web-templ-handlebars": "latest"
      },
      "devDependencies": {
        "@es4x/create": "latest",
        "@vertx/unit": "latest"
      }
    },
    "node_modules/@es4x/create": {
      "version": "0.14.0",
      "resolved": "https://registry.npmjs.org/@es4x/create/-/create-0.14.0.tgz",
      "integrity": "sha512-PUnEfUCZWA1SJI9k4Ra4CXL/QDW9F3wzQhZY9jfIE5y+o54aI1xf2uDjkcwi/HJtRNC3RfON2EjS1i6j6FnpgA==",
      "dev": true,
      "bin": {
        "es4x": "bin/es4x-cli.js"
      }
    },
    "node_modules/@vertx/auth-common": {
      "version": "4.0.0",
      "resolved": "https://registry.npmjs.org/@vertx/auth-common/-/auth-common-4.0.0.tgz",
      "integrity": "sha512-fGbMFWVTPy5RzukELpZBscJQSlAJRpCKL6FQNXSOxRnAJvlZRsCu5MXq+Z5H5dBX16B6ZHj9KVEYv94j9XxU4Q==",
      "dependencies": {
        "@vertx/core": "4.0.0"
      }
    },
    "node_modules/@vertx/bridge-common": {
      "version": "4.0.0",
      "resolved": "https://registry.npmjs.org/@vertx/bridge-common/-/bridge-common-4.0.0.tgz",
      "integrity": "sha512-ZfXllF7jBVAemjYe2yE/pX8OyLuYHWiFOKrSpiITj3cf3L+8aazWiYRmBJhmNv8bRKN8qlnfQSeOmkDnkJQz0w==",
      "dependencies": {
        "@vertx/core": "4.0.0"
      }
    },
    "node_modules/@vertx/core": {
      "version": "4.0.0",
      "resolved": "https://registry.npmjs.org/@vertx/core/-/core-4.0.0.tgz",
      "integrity": "sha512-CvHJk5r4Y/K+WVu7vV28KmPmgZ3kpjqAEk7Vb2J7j5dHnzbG3PX1OmghaAIovDEN3w2XlTR1EzykkfMAuH42+A=="
    },
    "node_modules/@vertx/unit": {
      "version": "4.0.0",
      "resolved": "https://registry.npmjs.org/@vertx/unit/-/unit-4.0.0.tgz",
      "integrity": "sha512-edVC1GVFPkue/4sCNZI15tp3Y6MSLRsxV23wKWA+/rCwX28ge+ZbSE06404puqsNkeAr27TmcULtooDbgn7agA==",
      "dev": true,
      "dependencies": {
        "@vertx/core": "4.0.0"
      }
    },
    "node_modules/@vertx/web": {
      "version": "4.0.0",
      "resolved": "https://registry.npmjs.org/@vertx/web/-/web-4.0.0.tgz",
      "integrity": "sha512-hjaxikdwIWvV5y0eylW74NoZ8IECKZDVIh/YeeHIVIl15o3Q9TAuZGetoGJseDxvc3Y/S9REr+fKwIWFV4tMhA==",
      "dependencies": {
        "@vertx/auth-common": "4.0.0",
        "@vertx/bridge-common": "4.0.0",
        "@vertx/core": "4.0.0",
        "@vertx/web-common": "4.0.0"
      }
    },
    "node_modules/@vertx/web-common": {
      "version": "4.0.0",
      "resolved": "https://registry.npmjs.org/@vertx/web-common/-/web-common-4.0.0.tgz",
      "integrity": "sha512-t7t2nT19IyZtuHz5G6CsDxaWEzAssnpJsDTOFGlywXRMb6zaKenBf2Y+dDQYW22hQdF8zJVipBOYPbU73tDGhg==",
      "dependencies": {
        "@vertx/core": "4.0.0"
      }
    },
    "node_modules/@vertx/web-templ-handlebars": {
      "version": "4.0.2",
      "resolved": "https://registry.npmjs.org/@vertx/web-templ-handlebars/-/web-templ-handlebars-4.0.2.tgz",
      "integrity": "sha512-c1akRB9tQeUgHk8Y0XIaVF2c+IIh4Yx3OfE0ymQpRm6K146yasQY4wCfFZ3wxoorxyUiA5AGV9O9C8gSAQXtAA==",
      "dependencies": {
        "@vertx/core": "4.0.2",
        "@vertx/web-common": "4.0.2"
      }
    },
    "node_modules/@vertx/web-templ-handlebars/node_modules/@vertx/core": {
      "version": "4.0.2",
      "resolved": "https://registry.npmjs.org/@vertx/core/-/core-4.0.2.tgz",
      "integrity": "sha512-8FM7mVHK0pE1nzQGb6n6FKYkE9xS7xp29RaU6//CQ0F63djcs0N42u5iajO4rbShIWvcMG+Trj0dQKqYjX6pLw=="
    },
    "node_modules/@vertx/web-templ-handlebars/node_modules/@vertx/web-common": {
      "version": "4.0.2",
      "resolved": "https://registry.npmjs.org/@vertx/web-common/-/web-common-4.0.2.tgz",
      "integrity": "sha512-gHCnvhL+NTnuRyS2U40gSZy9COlDFIYtodhbE0qlFaejbvZDg6VQFsrhdjfEdzTYyiW5uO84OpGJkKssngQvqQ==",
      "dependencies": {
        "@vertx/core": "4.0.2"
      }
    }
  },
  "dependencies": {
    "@es4x/create": {
      "version": "0.14.0",
      "resolved": "https://registry.npmjs.org/@es4x/create/-/create-0.14.0.tgz",
      "integrity": "sha512-PUnEfUCZWA1SJI9k4Ra4CXL/QDW9F3wzQhZY9jfIE5y+o54aI1xf2uDjkcwi/HJtRNC3RfON2EjS1i6j6FnpgA==",
      "dev": true
    },
    "@vertx/auth-common": {
      "version": "4.0.0",
      "resolved": "https://registry.npmjs.org/@vertx/auth-common/-/auth-common-4.0.0.tgz",
      "integrity": "sha512-fGbMFWVTPy5RzukELpZBscJQSlAJRpCKL6FQNXSOxRnAJvlZRsCu5MXq+Z5H5dBX16B6ZHj9KVEYv94j9XxU4Q==",
      "requires": {
        "@vertx/core": "4.0.0"
      }
    },
    "@vertx/bridge-common": {
      "version": "4.0.0",
      "resolved": "https://registry.npmjs.org/@vertx/bridge-common/-/bridge-common-4.0.0.tgz",
      "integrity": "sha512-ZfXllF7jBVAemjYe2yE/pX8OyLuYHWiFOKrSpiITj3cf3L+8aazWiYRmBJhmNv8bRKN8qlnfQSeOmkDnkJQz0w==",
      "requires": {
        "@vertx/core": "4.0.0"
      }
    },
    "@vertx/core": {
      "version": "4.0.0",
      "resolved": "https://registry.npmjs.org/@vertx/core/-/core-4.0.0.tgz",
      "integrity": "sha512-CvHJk5r4Y/K+WVu7vV28KmPmgZ3kpjqAEk7Vb2J7j5dHnzbG3PX1OmghaAIovDEN3w2XlTR1EzykkfMAuH42+A=="
    },
    "@vertx/unit": {
      "version": "4.0.0",
      "resolved": "https://registry.npmjs.org/@vertx/unit/-/unit-4.0.0.tgz",
      "integrity": "sha512-edVC1GVFPkue/4sCNZI15tp3Y6MSLRsxV23wKWA+/rCwX28ge+ZbSE06404puqsNkeAr27TmcULtooDbgn7agA==",
      "dev": true,
      "requires": {
        "@vertx/core": "4.0.0"
      }
    },
    "@vertx/web": {
      "version": "4.0.0",
      "resolved": "https://registry.npmjs.org/@vertx/web/-/web-4.0.0.tgz",
      "integrity": "sha512-hjaxikdwIWvV5y0eylW74NoZ8IECKZDVIh/YeeHIVIl15o3Q9TAuZGetoGJseDxvc3Y/S9REr+fKwIWFV4tMhA==",
      "requires": {
        "@vertx/auth-common": "4.0.0",
        "@vertx/bridge-common": "4.0.0",
        "@vertx/core": "4.0.0",
        "@vertx/web-common": "4.0.0"
      }
    },
    "@vertx/web-common": {
      "version": "4.0.0",
      "resolved": "https://registry.npmjs.org/@vertx/web-common/-/web-common-4.0.0.tgz",
      "integrity": "sha512-t7t2nT19IyZtuHz5G6CsDxaWEzAssnpJsDTOFGlywXRMb6zaKenBf2Y+dDQYW22hQdF8zJVipBOYPbU73tDGhg==",
      "requires": {
        "@vertx/core": "4.0.0"
      }
    },
    "@vertx/web-templ-handlebars": {
      "version": "4.0.2",
      "resolved": "https://registry.npmjs.org/@vertx/web-templ-handlebars/-/web-templ-handlebars-4.0.2.tgz",
      "integrity": "sha512-c1akRB9tQeUgHk8Y0XIaVF2c+IIh4Yx3OfE0ymQpRm6K146yasQY4wCfFZ3wxoorxyUiA5AGV9O9C8gSAQXtAA==",
      "requires": {
        "@vertx/core": "4.0.2",
        "@vertx/web-common": "4.0.2"
      },
      "dependencies": {
        "@vertx/core": {
          "version": "4.0.2",
          "resolved": "https://registry.npmjs.org/@vertx/core/-/core-4.0.2.tgz",
          "integrity": "sha512-8FM7mVHK0pE1nzQGb6n6FKYkE9xS7xp29RaU6//CQ0F63djcs0N42u5iajO4rbShIWvcMG+Trj0dQKqYjX6pLw=="
        },
        "@vertx/web-common": {
          "version": "4.0.2",
          "resolved": "https://registry.npmjs.org/@vertx/web-common/-/web-common-4.0.2.tgz",
          "integrity": "sha512-gHCnvhL+NTnuRyS2U40gSZy9COlDFIYtodhbE0qlFaejbvZDg6VQFsrhdjfEdzTYyiW5uO84OpGJkKssngQvqQ==",
          "requires": {
            "@vertx/core": "4.0.2"
          }
        }
      }
    }
  }
}
